{
  "name": "todo",
  "version": "0.0.1",
  "lockfileVersion": 1,
  "requires": true,
  "dependencies": {
    "clean-css": {
      "version": "4.1.8",
      "resolved": "https://registry.npmjs.org/clean-css/-/clean-css-4.1.8.tgz",
      "integrity": "sha1-BhRVsklKdQrJj0bY1euxfGeeqdE=",
      "dev": true,
      "requires": {
        "source-map": "0.5.7"
      }
    },
    "lean-wrap": {
      "version": "0.2.16",
      "resolved": "https://registry.npmjs.org/lean-wrap/-/lean-wrap-0.2.16.tgz",
      "integrity": "sha1-eV9fM4iMpBTt+18DP5+9M2Ziaww="
    },
    "pico-args": {
      "version": "1.0.9",
      "resolved": "https://registry.npmjs.org/pico-args/-/pico-args-1.0.9.tgz",
      "integrity": "sha1-grInDObhb2xQHzzYXlGlzZ5ThHU=",
      "dev": true,
      "requires": {
        "pico-common": "0.7.15"
      }
    },
    "pico-client": {
      "version": "0.3.7",
      "resolved": "https://registry.npmjs.org/pico-client/-/pico-client-0.3.7.tgz",
      "integrity": "sha512-5fKrlAj8WhxnZ9QFO6yOH6DwsP/ASpnsPTS1cxR8M2XQXT+kKua0JWqj9jHHIayRUqw1YosQKizBJxah34VaVA==",
      "requires": {
        "lean-wrap": "0.2.16",
        "pico-common": "0.7.15",
        "pojs": "0.4.2"
      }
    },
    "pico-common": {
      "version": "0.7.15",
      "resolved": "https://registry.npmjs.org/pico-common/-/pico-common-0.7.15.tgz",
      "integrity": "sha1-i6sdXpz6lCsRVbuBW+kQH4mdRB0="
    },
    "pojs": {
      "version": "0.4.2",
      "resolved": "https://registry.npmjs.org/pojs/-/pojs-0.4.2.tgz",
      "integrity": "sha512-OroA9nqv/QGa7j2d5dNrxAO4LbvGTidW8D2VxDi42VspT7xaqGqrjLn56p97QiYQr3oCha1N/A6A/4SFE62D9Q=="
    },
    "source-map": {
      "version": "0.5.7",
      "resolved": "https://registry.npmjs.org/source-map/-/source-map-0.5.7.tgz",
      "integrity": "sha1-igOdLRAh0i0eoUyA2OpGi6LvP8w=",
      "dev": true
    }
  }
}
