{
  "name": "todo",
  "version": "1.0.2",
  "lockfileVersion": 1,
  "requires": true,
  "dependencies": {
    "lean-wrap": {
      "version": "0.2.33",
      "resolved": "https://registry.npmjs.org/lean-wrap/-/lean-wrap-0.2.33.tgz",
      "integrity": "sha512-ofLyLr+5RrCYBP6gaTDWCZlAv/jPG9WLtvxmJJWQH8EWMnv3X0Z9zqu0OSUwHQQX0AgL2p8ngYuKSvqXYTTC/w=="
    },
    "pico-args": {
      "version": "1.0.9",
      "resolved": "https://registry.npmjs.org/pico-args/-/pico-args-1.0.9.tgz",
      "integrity": "sha1-grInDObhb2xQHzzYXlGlzZ5ThHU=",
      "dev": true,
      "requires": {
        "pico-common": "*"
      },
      "dependencies": {
        "pico-common": {
          "version": "0.8.3",
          "resolved": "https://registry.npmjs.org/pico-common/-/pico-common-0.8.3.tgz",
          "integrity": "sha512-O2m5b87gHrG+pWkSLINhw/HQCtr9mYI0dnH7CoWYDm/pyP90m7Cn/H2Ov16ilSE7/c1oqC20iKsjxvCYOkOdvQ==",
          "dev": true
        }
      }
    },
    "pico-client": {
      "version": "0.3.22",
      "resolved": "https://registry.npmjs.org/pico-client/-/pico-client-0.3.22.tgz",
      "integrity": "sha512-mhOB4KZdR/v3si/bMPOMhQWAspGNU+4WEVe2EqpoZ6GOvOcY4c+bnFopExQOwxiErelqK6pyckqz4pDj4oJAGw==",
      "requires": {
        "lean-wrap": "*",
        "pico-common": "*",
        "pojs": "*"
      }
    },
    "pico-common": {
      "version": "0.8.8",
      "resolved": "https://registry.npmjs.org/pico-common/-/pico-common-0.8.8.tgz",
      "integrity": "sha512-a25GzALl4u4/AorOGH+btliyH8R1fgQNHyAMrcfkIIkjnFY6S1JViOCXpxDVwtMy8SsLPcbIFh9xcQ3BXfRH6g=="
    },
    "pojs": {
      "version": "0.4.11",
      "resolved": "https://registry.npmjs.org/pojs/-/pojs-0.4.11.tgz",
      "integrity": "sha512-WGCvcoKfwdrHH0/XEULhYM1oyL6oeyAS7oImnSKqjpUcw90L/xY4alUvCTi18ueNBb12QooEOqhSwbhjYXtoIQ=="
    }
  }
}
