{
  "name": "todo",
  "version": "1.0.0",
  "lockfileVersion": 1,
  "requires": true,
  "dependencies": {
    "clean-css": {
      "version": "4.1.8",
      "resolved": "https://registry.npmjs.org/clean-css/-/clean-css-4.1.8.tgz",
      "integrity": "sha1-BhRVsklKdQrJj0bY1euxfGeeqdE=",
      "dev": true,
      "requires": {
        "source-map": "0.5.7"
      }
    },
    "lean-wrap": {
      "version": "0.2.16",
      "resolved": "https://registry.npmjs.org/lean-wrap/-/lean-wrap-0.2.16.tgz",
      "integrity": "sha1-eV9fM4iMpBTt+18DP5+9M2Ziaww="
    },
    "pico-args": {
      "version": "1.0.9",
      "resolved": "https://registry.npmjs.org/pico-args/-/pico-args-1.0.9.tgz",
      "integrity": "sha1-grInDObhb2xQHzzYXlGlzZ5ThHU=",
      "dev": true,
      "requires": {
        "pico-common": "0.8.3"
      }
    },
    "pico-client": {
      "version": "0.3.9",
      "resolved": "https://registry.npmjs.org/pico-client/-/pico-client-0.3.9.tgz",
      "integrity": "sha512-hghp92yq8sp6SVuyX86Q6+ktmqrM6mQ+FiiPerfvMA40h2RQce0IiuW0RNVXRqCN+QWB85R/mMbhRPSGVCvaXg==",
      "requires": {
        "lean-wrap": "0.2.16",
        "pico-common": "0.8.3",
        "pojs": "0.4.6"
      }
    },
    "pico-common": {
      "version": "0.8.3",
      "resolved": "https://registry.npmjs.org/pico-common/-/pico-common-0.8.3.tgz",
      "integrity": "sha512-O2m5b87gHrG+pWkSLINhw/HQCtr9mYI0dnH7CoWYDm/pyP90m7Cn/H2Ov16ilSE7/c1oqC20iKsjxvCYOkOdvQ=="
    },
    "pojs": {
      "version": "0.4.6",
      "resolved": "https://registry.npmjs.org/pojs/-/pojs-0.4.6.tgz",
      "integrity": "sha512-pu2APUixLccY9g0DZxqPpduCACU7MQveIAQcXrBSk9YFvhLP3KT45cbjKqmGQwMFcZxVYWV1+U6TYS9Qpqsaaw=="
    },
    "source-map": {
      "version": "0.5.7",
      "resolved": "https://registry.npmjs.org/source-map/-/source-map-0.5.7.tgz",
      "integrity": "sha1-igOdLRAh0i0eoUyA2OpGi6LvP8w=",
      "dev": true
    }
  }
}
